
Microsoft Visual Studio Solution File, Format Version 12.00
# Visual Studio 14
VisualStudioVersion = 14.0.25420.1
MinimumVisualStudioVersion = 10.0.40219.1
Project("{2150E333-8FDC-42A3-9474-1A3956D46DE8}") = "src", "src", "{193FC460-26A8-4B3C-8988-99DFD3E88876}"
EndProject
Project("{2150E333-8FDC-42A3-9474-1A3956D46DE8}") = "Solution Items", "Solution Items", "{85B12F09-0D2F-4280-A000-BC308CC0345B}"
	ProjectSection(SolutionItems) = preProject
		global.json = global.json
	EndProjectSection
EndProject
Project("{8BB2217D-0F2D-49D1-97BC-3654ED321F3B}") = "TangChao.JiZhi.Pos.UI", "src\TangChao.jizhi.Pos.UI\TangChao.JiZhi.Pos.UI.xproj", "{D0600755-A9FB-4A6C-B407-92B0C6AC6730}"
EndProject
Project("{8BB2217D-0F2D-49D1-97BC-3654ED321F3B}") = "TangChao.JiZhi.Pos.Bizlogic", "src\TangChao.JiZhi.Pos.Bizlogic\TangChao.JiZhi.Pos.Bizlogic.xproj", "{F478D44C-2280-47D2-8108-D20AFA213D86}"
EndProject
Project("{8BB2217D-0F2D-49D1-97BC-3654ED321F3B}") = "TangChao.JiZhi.Pos.Models", "src\TangChao.JiZhi.Pos.Models\TangChao.JiZhi.Pos.Models.xproj", "{6775DD3A-25B7-4385-8DE6-BF63E1663D05}"
EndProject
Project("{8BB2217D-0F2D-49D1-97BC-3654ED321F3B}") = "TangChao.JiZhi.Pos.Common", "src\TangChao.JiZhi.Pos.Common\TangChao.JiZhi.Pos.Common.xproj", "{2D0DBAEB-BBF7-4DAF-ABAE-1322072EC6A7}"
EndProject
Project("{8BB2217D-0F2D-49D1-97BC-3654ED321F3B}") = "TangChao.JiZhi.Pos.DAL", "src\TangChao.JiZhi.Pos.DAL\TangChao.JiZhi.Pos.DAL.xproj", "{96F952E8-5390-4543-838B-0520FE30078E}"
EndProject
Project("{8BB2217D-0F2D-49D1-97BC-3654ED321F3B}") = "TangChao.JiZhi.Pos.IDAL", "src\TangChao.JiZhi.Pos.IDAL\TangChao.JiZhi.Pos.IDAL.xproj", "{02AFC6C3-2FEC-4E42-88F7-D81A487CF255}"
EndProject
Project("{8BB2217D-0F2D-49D1-97BC-3654ED321F3B}") = "TangChao.JiZhi.Pos.WebUI", "src\TangChao.JiZhi.Pos.WebUI\TangChao.JiZhi.Pos.WebUI.xproj", "{AC56EFC4-401F-49C2-84D7-7366D57645BF}"
EndProject
Project("{8BB2217D-0F2D-49D1-97BC-3654ED321F3B}") = "TangChao.JiZhi.Pos.IBizlogic", "src\TangChao.JiZhi.Pos.IBizlogic\TangChao.JiZhi.Pos.IBizlogic.xproj", "{A2E7C5B3-F209-451B-99CE-909DA55E5817}"
EndProject
Project("{8BB2217D-0F2D-49D1-97BC-3654ED321F3B}") = "TangChao.JiZhi.Pos.ViewModels", "src\TangChao.JiZhi.Pos.ViewModels\TangChao.JiZhi.Pos.ViewModels.xproj", "{71471030-FE50-4BA4-9802-4A09AB7D3D0B}"
EndProject
Project("{8BB2217D-0F2D-49D1-97BC-3654ED321F3B}") = "TangChao.JiZhi.Pos.Test", "src\TangChao.JiZhi.Pos.Test\TangChao.JiZhi.Pos.Test.xproj", "{85DF5EFB-0899-40A0-BA82-92B9012D88A5}"
EndProject
Project("{2150E333-8FDC-42A3-9474-1A3956D46DE8}") = "Client", "Client", "{28503DB5-635F-4BBE-837D-7697B0A65884}"
EndProject
Project("{FAE04EC0-301F-11D3-BF4B-00C04F79EFBC}") = "TangChao.JiZhi.Pos.Client", "src\TangChao.JiZhi.Pos.Client\TangChao.JiZhi.Pos.Client.csproj", "{F02C7185-1AF1-464A-B8E5-5EB019F9AE94}"
EndProject
Project("{FAE04EC0-301F-11D3-BF4B-00C04F79EFBC}") = "TangChao.JiZhi.Pos.Client.BLL", "src\TangChao.JiZhi.Pos.Client.BLL\TangChao.JiZhi.Pos.Client.BLL.csproj", "{887DDC54-68E6-4252-B098-A25FEB573C5B}"
EndProject
Project("{FAE04EC0-301F-11D3-BF4B-00C04F79EFBC}") = "TangChao.JiZhi.Pos.Client.DAL", "src\TangChao.JiZhi.Pos.Client.DAL\TangChao.JiZhi.Pos.Client.DAL.csproj", "{CA5646FE-BFAA-4E43-A40B-83FE562214A9}"
EndProject
Global
	GlobalSection(SolutionConfigurationPlatforms) = preSolution
		Debug|Any CPU = Debug|Any CPU
		Release|Any CPU = Release|Any CPU
	EndGlobalSection
	GlobalSection(ProjectConfigurationPlatforms) = postSolution
		{D0600755-A9FB-4A6C-B407-92B0C6AC6730}.Debug|Any CPU.ActiveCfg = Debug|Any CPU
		{D0600755-A9FB-4A6C-B407-92B0C6AC6730}.Debug|Any CPU.Build.0 = Debug|Any CPU
		{D0600755-A9FB-4A6C-B407-92B0C6AC6730}.Release|Any CPU.ActiveCfg = Release|Any CPU
		{D0600755-A9FB-4A6C-B407-92B0C6AC6730}.Release|Any CPU.Build.0 = Release|Any CPU
		{F478D44C-2280-47D2-8108-D20AFA213D86}.Debug|Any CPU.ActiveCfg = Debug|Any CPU
		{F478D44C-2280-47D2-8108-D20AFA213D86}.Debug|Any CPU.Build.0 = Debug|Any CPU
		{F478D44C-2280-47D2-8108-D20AFA213D86}.Release|Any CPU.ActiveCfg = Release|Any CPU
		{F478D44C-2280-47D2-8108-D20AFA213D86}.Release|Any CPU.Build.0 = Release|Any CPU
		{6775DD3A-25B7-4385-8DE6-BF63E1663D05}.Debug|Any CPU.ActiveCfg = Debug|Any CPU
		{6775DD3A-25B7-4385-8DE6-BF63E1663D05}.Debug|Any CPU.Build.0 = Debug|Any CPU
		{6775DD3A-25B7-4385-8DE6-BF63E1663D05}.Release|Any CPU.ActiveCfg = Release|Any CPU
		{6775DD3A-25B7-4385-8DE6-BF63E1663D05}.Release|Any CPU.Build.0 = Release|Any CPU
		{2D0DBAEB-BBF7-4DAF-ABAE-1322072EC6A7}.Debug|Any CPU.ActiveCfg = Debug|Any CPU
		{2D0DBAEB-BBF7-4DAF-ABAE-1322072EC6A7}.Debug|Any CPU.Build.0 = Debug|Any CPU
		{2D0DBAEB-BBF7-4DAF-ABAE-1322072EC6A7}.Release|Any CPU.ActiveCfg = Release|Any CPU
		{2D0DBAEB-BBF7-4DAF-ABAE-1322072EC6A7}.Release|Any CPU.Build.0 = Release|Any CPU
		{96F952E8-5390-4543-838B-0520FE30078E}.Debug|Any CPU.ActiveCfg = Debug|Any CPU
		{96F952E8-5390-4543-838B-0520FE30078E}.Debug|Any CPU.Build.0 = Debug|Any CPU
		{96F952E8-5390-4543-838B-0520FE30078E}.Release|Any CPU.ActiveCfg = Release|Any CPU
		{96F952E8-5390-4543-838B-0520FE30078E}.Release|Any CPU.Build.0 = Release|Any CPU
		{02AFC6C3-2FEC-4E42-88F7-D81A487CF255}.Debug|Any CPU.ActiveCfg = Debug|Any CPU
		{02AFC6C3-2FEC-4E42-88F7-D81A487CF255}.Debug|Any CPU.Build.0 = Debug|Any CPU
		{02AFC6C3-2FEC-4E42-88F7-D81A487CF255}.Release|Any CPU.ActiveCfg = Release|Any CPU
		{02AFC6C3-2FEC-4E42-88F7-D81A487CF255}.Release|Any CPU.Build.0 = Release|Any CPU
		{AC56EFC4-401F-49C2-84D7-7366D57645BF}.Debug|Any CPU.ActiveCfg = Debug|Any CPU
		{AC56EFC4-401F-49C2-84D7-7366D57645BF}.Debug|Any CPU.Build.0 = Debug|Any CPU
		{AC56EFC4-401F-49C2-84D7-7366D57645BF}.Release|Any CPU.ActiveCfg = Release|Any CPU
		{AC56EFC4-401F-49C2-84D7-7366D57645BF}.Release|Any CPU.Build.0 = Release|Any CPU
		{A2E7C5B3-F209-451B-99CE-909DA55E5817}.Debug|Any CPU.ActiveCfg = Debug|Any CPU
		{A2E7C5B3-F209-451B-99CE-909DA55E5817}.Debug|Any CPU.Build.0 = Debug|Any CPU
		{A2E7C5B3-F209-451B-99CE-909DA55E5817}.Release|Any CPU.ActiveCfg = Release|Any CPU
		{A2E7C5B3-F209-451B-99CE-909DA55E5817}.Release|Any CPU.Build.0 = Release|Any CPU
		{71471030-FE50-4BA4-9802-4A09AB7D3D0B}.Debug|Any CPU.ActiveCfg = Debug|Any CPU
		{71471030-FE50-4BA4-9802-4A09AB7D3D0B}.Debug|Any CPU.Build.0 = Debug|Any CPU
		{71471030-FE50-4BA4-9802-4A09AB7D3D0B}.Release|Any CPU.ActiveCfg = Release|Any CPU
		{71471030-FE50-4BA4-9802-4A09AB7D3D0B}.Release|Any CPU.Build.0 = Release|Any CPU
		{85DF5EFB-0899-40A0-BA82-92B9012D88A5}.Debug|Any CPU.ActiveCfg = Debug|Any CPU
		{85DF5EFB-0899-40A0-BA82-92B9012D88A5}.Debug|Any CPU.Build.0 = Debug|Any CPU
		{85DF5EFB-0899-40A0-BA82-92B9012D88A5}.Release|Any CPU.ActiveCfg = Release|Any CPU
		{85DF5EFB-0899-40A0-BA82-92B9012D88A5}.Release|Any CPU.Build.0 = Release|Any CPU
		{F02C7185-1AF1-464A-B8E5-5EB019F9AE94}.Debug|Any CPU.ActiveCfg = Debug|Any CPU
		{F02C7185-1AF1-464A-B8E5-5EB019F9AE94}.Debug|Any CPU.Build.0 = Debug|Any CPU
		{F02C7185-1AF1-464A-B8E5-5EB019F9AE94}.Release|Any CPU.ActiveCfg = Release|Any CPU
		{F02C7185-1AF1-464A-B8E5-5EB019F9AE94}.Release|Any CPU.Build.0 = Release|Any CPU
		{887DDC54-68E6-4252-B098-A25FEB573C5B}.Debug|Any CPU.ActiveCfg = Debug|Any CPU
		{887DDC54-68E6-4252-B098-A25FEB573C5B}.Debug|Any CPU.Build.0 = Debug|Any CPU
		{887DDC54-68E6-4252-B098-A25FEB573C5B}.Release|Any CPU.ActiveCfg = Release|Any CPU
		{887DDC54-68E6-4252-B098-A25FEB573C5B}.Release|Any CPU.Build.0 = Release|Any CPU
		{CA5646FE-BFAA-4E43-A40B-83FE562214A9}.Debug|Any CPU.ActiveCfg = Debug|Any CPU
		{CA5646FE-BFAA-4E43-A40B-83FE562214A9}.Debug|Any CPU.Build.0 = Debug|Any CPU
		{CA5646FE-BFAA-4E43-A40B-83FE562214A9}.Release|Any CPU.ActiveCfg = Release|Any CPU
		{CA5646FE-BFAA-4E43-A40B-83FE562214A9}.Release|Any CPU.Build.0 = Release|Any CPU
	EndGlobalSection
	GlobalSection(SolutionProperties) = preSolution
		HideSolutionNode = FALSE
	EndGlobalSection
	GlobalSection(NestedProjects) = preSolution
		{D0600755-A9FB-4A6C-B407-92B0C6AC6730} = {193FC460-26A8-4B3C-8988-99DFD3E88876}
		{F478D44C-2280-47D2-8108-D20AFA213D86} = {193FC460-26A8-4B3C-8988-99DFD3E88876}
		{6775DD3A-25B7-4385-8DE6-BF63E1663D05} = {193FC460-26A8-4B3C-8988-99DFD3E88876}
		{2D0DBAEB-BBF7-4DAF-ABAE-1322072EC6A7} = {193FC460-26A8-4B3C-8988-99DFD3E88876}
		{96F952E8-5390-4543-838B-0520FE30078E} = {193FC460-26A8-4B3C-8988-99DFD3E88876}
		{02AFC6C3-2FEC-4E42-88F7-D81A487CF255} = {193FC460-26A8-4B3C-8988-99DFD3E88876}
		{AC56EFC4-401F-49C2-84D7-7366D57645BF} = {193FC460-26A8-4B3C-8988-99DFD3E88876}
		{A2E7C5B3-F209-451B-99CE-909DA55E5817} = {193FC460-26A8-4B3C-8988-99DFD3E88876}
		{71471030-FE50-4BA4-9802-4A09AB7D3D0B} = {193FC460-26A8-4B3C-8988-99DFD3E88876}
		{85DF5EFB-0899-40A0-BA82-92B9012D88A5} = {193FC460-26A8-4B3C-8988-99DFD3E88876}
		{28503DB5-635F-4BBE-837D-7697B0A65884} = {193FC460-26A8-4B3C-8988-99DFD3E88876}
		{F02C7185-1AF1-464A-B8E5-5EB019F9AE94} = {28503DB5-635F-4BBE-837D-7697B0A65884}
		{887DDC54-68E6-4252-B098-A25FEB573C5B} = {28503DB5-635F-4BBE-837D-7697B0A65884}
		{CA5646FE-BFAA-4E43-A40B-83FE562214A9} = {28503DB5-635F-4BBE-837D-7697B0A65884}
	EndGlobalSection
EndGlobal
